github.com/frankban/quicktest v1.10.2 h1:19ARM85nVi4xH7xPXuc5eM/udya5ieh7b/Sv+d844Tk=
github.com/frankban/quicktest v1.10.2/go.mod h1:K+q6oSqb0W0Ininfk863uOk1lMy69l/P6txr3mVT54s=
github.com/google/go-cmp v0.5.8 h1:e6P7q2lk1O+qJJb4BtCQXlK8vWEO8V1ZeuEdJNOqZyg=
github.com/google/go-cmp v0.5.8/go.mod h1:17dUlkBOakJ0+DkrSSNjCkIjxS6bF9zb3elmeNGIjoY=
github.com/google/shlex v0.0.0-20191202100458-e7afc7fbc510 h1:El6M4kTTCOh6aBiKaUGG7oYTSPP8MxqL4YI3kZKwcP4=
github.com/google/shlex v0.0.0-20191202100458-e7afc7fbc510/go.mod h1:pupxD2MaaD3pAXIBCelhxNneeOaAeabZDe5s4K6zSpQ=
github.com/kr/pretty v0.2.1 h1:Fmg33tUaq4/8ym9TJN1x7sLJnHVwhP33CNkpYV/7rwI=
github.com/kr/pretty v0.2.1/go.mod h1:ipq/a2n7PKx3OHsz4KJII5eveXtPO4qwEXGdVfWzfnI=
github.com/kr/text v0.1.0 h1:45sCR5RtlFHMR4UwH9sdQ5TC8v0qDQCHnXt+kaKSTVE=
github.com/kr/text v0.1.0/go.mod h1:4Jbv+DJW3UT/LiOwJeYQe1efqtUx/iVham/4vfdArNI=
github.com/percyjw-2/tinygo-keyboard v0.0.0-20240725141820-34cba97d03fb h1:PQfuxAknRpI6t3YGlQ/DbdS0WDjYxTL7W4S/PD4qpnc=
github.com/percyjw-2/tinygo-keyboard v0.0.0-20240725141820-34cba97d03fb/go.mod h1:p5GQSu4iZlNyFmpX5JJQ7yYiil2U6wG/AYGwdqPIWnI=
github.com/sago35/tinygo-keyboard v0.0.0-20240718132338-1f0852885672 h1:mczTPYfh9yjoa6GO967sNW+6LhFjHn2TrTSwW9Wr108=
github.com/sago35/tinygo-keyboard v0.0.0-20240718132338-1f0852885672/go.mod h1:jFhDDtRipnSbvhoqlGrR2M7IInnjcMUzuSWznF6obqM=
golang.org/x/exp v0.0.0-20231226003508-02704c960a9b h1:kLiC65FbiHWFAOu+lxwNPujcsl8VYyTYYEZnsOO1WK4=
golang.org/x/exp v0.0.0-20231226003508-02704c960a9b/go.mod h1:iRJReGqOEeBhDZGkGbynYwcHlctCvnjTYIamk7uXpHI=
tinygo.org/x/drivers v0.28.0 h1:ROVrGGXddmpn2+oV/Bu3LceYbtPCJckmgIqvPcN/L0k=
tinygo.org/x/drivers v0.28.0/go.mod h1:T6snsUqS0RAxOANxiV81fQwLxDDNmprxTAYzmxoA7J0=
tinygo.org/x/tinydraw v0.4.0 h1:U9V0mHz8/jPShKjlh199vCfq1ARFyUOD1b+FfqIwV8c=
tinygo.org/x/tinydraw v0.4.0/go.mod h1:WCV/EMljTv8w04iAxjv+fRD6/4ffx0afATYeJlN90Yo=
